
Microsoft Visual Studio Solution File, Format Version 12.00
# Visual Studio Version 16
VisualStudioVersion = 16.0.31424.327
MinimumVisualStudioVersion = 10.0.40219.1
Project("{9A19103F-16F7-4668-BE54-9A1E7A4F7556}") = "001_MaxSumConteguousSubArray", "001_MaxSumConteguousSubArray\001_MaxSumConteguousSubArray.csproj", "{E5E5A222-D819-4D9D-9F02-DF88B0E8D74B}"
EndProject
Project("{9A19103F-16F7-4668-BE54-9A1E7A4F7556}") = "002_MaximumAbsoluteDifference", "002_MaximumAbsoluteDifference\002_MaximumAbsoluteDifference.csproj", "{94F46968-8E5C-42E7-AF7F-45807D82D214}"
EndProject
Project("{9A19103F-16F7-4668-BE54-9A1E7A4F7556}") = "003_ContinuousSumQuery", "003_ContinuousSumQuery\003_ContinuousSumQuery.csproj", "{811B797F-6095-44D0-A29F-0902C2079036}"
EndProject
Project("{9A19103F-16F7-4668-BE54-9A1E7A4F7556}") = "004_AddOne", "004_AddOne\004_AddOne.csproj", "{6B2EC07C-59A8-44E9-A468-89B9A6CF5F71}"
EndProject
Project("{9A19103F-16F7-4668-BE54-9A1E7A4F7556}") = "007_2DArrayOrMatrix", "007_2DArrayOrMatrix\007_2DArrayOrMatrix.csproj", "{B71005B9-0378-4C59-A43F-03B8062EF7DA}"
EndProject
Project("{9A19103F-16F7-4668-BE54-9A1E7A4F7556}") = "005_FlipForMaxNoOfOnesInBinaryString", "005_FlipForMaxNoOfOnesInBinaryString\005_FlipForMaxNoOfOnesInBinaryString.csproj", "{CD170C02-2804-43D7-9BED-ECF2530769F2}"
EndProject
Project("{9A19103F-16F7-4668-BE54-9A1E7A4F7556}") = "006_AbsoluteMaximum", "006_AbsoluteMaximum\006_AbsoluteMaximum.csproj", "{E633B356-7C4C-42F1-85C7-007F1E3C1AB3}"
EndProject
Project("{9A19103F-16F7-4668-BE54-9A1E7A4F7556}") = "008_SumOfAllSubMatrix", "008_SumOfAllSubMatrix\008_SumOfAllSubMatrix.csproj", "{CEA21CB6-ED19-4659-B0EA-47645600158A}"
EndProject
Project("{9A19103F-16F7-4668-BE54-9A1E7A4F7556}") = "009_NumberOfSetBits", "009_NumberOfSetBits\009_NumberOfSetBits.csproj", "{0665A156-0C84-4647-BCE9-9B915A2CC6FC}"
EndProject
Project("{9A19103F-16F7-4668-BE54-9A1E7A4F7556}") = "010_SubMatrixSumQueries", "010_SubMatrixSumQueries\010_SubMatrixSumQueries.csproj", "{21E94C80-733E-499F-B669-78F61F1D6B9F}"
EndProject
Project("{FAE04EC0-301F-11D3-BF4B-00C04F79EFBC}") = "011_MaxSubMatrixSum", "011_MaxSubMatrixSum\011_MaxSubMatrixSum.csproj", "{72168F5C-504B-49F5-950A-EA25D7EB8619}"
EndProject
Project("{FAE04EC0-301F-11D3-BF4B-00C04F79EFBC}") = "012_MergeIntervals", "012_MergeIntervals\012_MergeIntervals.csproj", "{65C5EEE6-1E7D-4297-BE8D-1FABE5209BD8}"
EndProject
Global
	GlobalSection(SolutionConfigurationPlatforms) = preSolution
		Debug|Any CPU = Debug|Any CPU
		Release|Any CPU = Release|Any CPU
	EndGlobalSection
	GlobalSection(ProjectConfigurationPlatforms) = postSolution
		{E5E5A222-D819-4D9D-9F02-DF88B0E8D74B}.Debug|Any CPU.ActiveCfg = Debug|Any CPU
		{E5E5A222-D819-4D9D-9F02-DF88B0E8D74B}.Debug|Any CPU.Build.0 = Debug|Any CPU
		{E5E5A222-D819-4D9D-9F02-DF88B0E8D74B}.Release|Any CPU.ActiveCfg = Release|Any CPU
		{E5E5A222-D819-4D9D-9F02-DF88B0E8D74B}.Release|Any CPU.Build.0 = Release|Any CPU
		{94F46968-8E5C-42E7-AF7F-45807D82D214}.Debug|Any CPU.ActiveCfg = Debug|Any CPU
		{94F46968-8E5C-42E7-AF7F-45807D82D214}.Debug|Any CPU.Build.0 = Debug|Any CPU
		{94F46968-8E5C-42E7-AF7F-45807D82D214}.Release|Any CPU.ActiveCfg = Release|Any CPU
		{94F46968-8E5C-42E7-AF7F-45807D82D214}.Release|Any CPU.Build.0 = Release|Any CPU
		{811B797F-6095-44D0-A29F-0902C2079036}.Debug|Any CPU.ActiveCfg = Debug|Any CPU
		{811B797F-6095-44D0-A29F-0902C2079036}.Debug|Any CPU.Build.0 = Debug|Any CPU
		{811B797F-6095-44D0-A29F-0902C2079036}.Release|Any CPU.ActiveCfg = Release|Any CPU
		{811B797F-6095-44D0-A29F-0902C2079036}.Release|Any CPU.Build.0 = Release|Any CPU
		{6B2EC07C-59A8-44E9-A468-89B9A6CF5F71}.Debug|Any CPU.ActiveCfg = Debug|Any CPU
		{6B2EC07C-59A8-44E9-A468-89B9A6CF5F71}.Debug|Any CPU.Build.0 = Debug|Any CPU
		{6B2EC07C-59A8-44E9-A468-89B9A6CF5F71}.Release|Any CPU.ActiveCfg = Release|Any CPU
		{6B2EC07C-59A8-44E9-A468-89B9A6CF5F71}.Release|Any CPU.Build.0 = Release|Any CPU
		{B71005B9-0378-4C59-A43F-03B8062EF7DA}.Debug|Any CPU.ActiveCfg = Debug|Any CPU
		{B71005B9-0378-4C59-A43F-03B8062EF7DA}.Debug|Any CPU.Build.0 = Debug|Any CPU
		{B71005B9-0378-4C59-A43F-03B8062EF7DA}.Release|Any CPU.ActiveCfg = Release|Any CPU
		{B71005B9-0378-4C59-A43F-03B8062EF7DA}.Release|Any CPU.Build.0 = Release|Any CPU
		{CD170C02-2804-43D7-9BED-ECF2530769F2}.Debug|Any CPU.ActiveCfg = Debug|Any CPU
		{CD170C02-2804-43D7-9BED-ECF2530769F2}.Debug|Any CPU.Build.0 = Debug|Any CPU
		{CD170C02-2804-43D7-9BED-ECF2530769F2}.Release|Any CPU.ActiveCfg = Release|Any CPU
		{CD170C02-2804-43D7-9BED-ECF2530769F2}.Release|Any CPU.Build.0 = Release|Any CPU
		{E633B356-7C4C-42F1-85C7-007F1E3C1AB3}.Debug|Any CPU.ActiveCfg = Debug|Any CPU
		{E633B356-7C4C-42F1-85C7-007F1E3C1AB3}.Debug|Any CPU.Build.0 = Debug|Any CPU
		{E633B356-7C4C-42F1-85C7-007F1E3C1AB3}.Release|Any CPU.ActiveCfg = Release|Any CPU
		{E633B356-7C4C-42F1-85C7-007F1E3C1AB3}.Release|Any CPU.Build.0 = Release|Any CPU
		{CEA21CB6-ED19-4659-B0EA-47645600158A}.Debug|Any CPU.ActiveCfg = Debug|Any CPU
		{CEA21CB6-ED19-4659-B0EA-47645600158A}.Debug|Any CPU.Build.0 = Debug|Any CPU
		{CEA21CB6-ED19-4659-B0EA-47645600158A}.Release|Any CPU.ActiveCfg = Release|Any CPU
		{CEA21CB6-ED19-4659-B0EA-47645600158A}.Release|Any CPU.Build.0 = Release|Any CPU
		{0665A156-0C84-4647-BCE9-9B915A2CC6FC}.Debug|Any CPU.ActiveCfg = Debug|Any CPU
		{0665A156-0C84-4647-BCE9-9B915A2CC6FC}.Debug|Any CPU.Build.0 = Debug|Any CPU
		{0665A156-0C84-4647-BCE9-9B915A2CC6FC}.Release|Any CPU.ActiveCfg = Release|Any CPU
		{0665A156-0C84-4647-BCE9-9B915A2CC6FC}.Release|Any CPU.Build.0 = Release|Any CPU
		{21E94C80-733E-499F-B669-78F61F1D6B9F}.Debug|Any CPU.ActiveCfg = Debug|Any CPU
		{21E94C80-733E-499F-B669-78F61F1D6B9F}.Debug|Any CPU.Build.0 = Debug|Any CPU
		{21E94C80-733E-499F-B669-78F61F1D6B9F}.Release|Any CPU.ActiveCfg = Release|Any CPU
		{21E94C80-733E-499F-B669-78F61F1D6B9F}.Release|Any CPU.Build.0 = Release|Any CPU
		{72168F5C-504B-49F5-950A-EA25D7EB8619}.Debug|Any CPU.ActiveCfg = Debug|Any CPU
		{72168F5C-504B-49F5-950A-EA25D7EB8619}.Debug|Any CPU.Build.0 = Debug|Any CPU
		{72168F5C-504B-49F5-950A-EA25D7EB8619}.Release|Any CPU.ActiveCfg = Release|Any CPU
		{72168F5C-504B-49F5-950A-EA25D7EB8619}.Release|Any CPU.Build.0 = Release|Any CPU
		{65C5EEE6-1E7D-4297-BE8D-1FABE5209BD8}.Debug|Any CPU.ActiveCfg = Debug|Any CPU
		{65C5EEE6-1E7D-4297-BE8D-1FABE5209BD8}.Debug|Any CPU.Build.0 = Debug|Any CPU
		{65C5EEE6-1E7D-4297-BE8D-1FABE5209BD8}.Release|Any CPU.ActiveCfg = Release|Any CPU
		{65C5EEE6-1E7D-4297-BE8D-1FABE5209BD8}.Release|Any CPU.Build.0 = Release|Any CPU
	EndGlobalSection
	GlobalSection(SolutionProperties) = preSolution
		HideSolutionNode = FALSE
	EndGlobalSection
	GlobalSection(ExtensibilityGlobals) = postSolution
		SolutionGuid = {221E1D51-5CDD-4041-B6E4-F12739428B43}
	EndGlobalSection
EndGlobal
